
Microsoft Visual Studio Solution File, Format Version 12.00
# Visual Studio Version 16
VisualStudioVersion = 16.0.29201.188
MinimumVisualStudioVersion = 10.0.40219.1
Project("{9A19103F-16F7-4668-BE54-9A1E7A4F7556}") = "CoreLib.Patterns.Repository", "CoreLib.Patterns.Repository\CoreLib.Patterns.Repository.csproj", "{0F3525C0-C1D1-4739-8665-3CC65A389CE2}"
EndProject
Project("{FAE04EC0-301F-11D3-BF4B-00C04F79EFBC}") = "CoreLib.Patterns.Specification", "CoreLib.Patterns.Specification\CoreLib.Patterns.Specification.csproj", "{375DBB31-86E2-4321-A350-318E18967AFC}"
EndProject
Global
	GlobalSection(SolutionConfigurationPlatforms) = preSolution
		Debug|Any CPU = Debug|Any CPU
		Release|Any CPU = Release|Any CPU
	EndGlobalSection
	GlobalSection(ProjectConfigurationPlatforms) = postSolution
		{0F3525C0-C1D1-4739-8665-3CC65A389CE2}.Debug|Any CPU.ActiveCfg = Debug|Any CPU
		{0F3525C0-C1D1-4739-8665-3CC65A389CE2}.Debug|Any CPU.Build.0 = Debug|Any CPU
		{0F3525C0-C1D1-4739-8665-3CC65A389CE2}.Release|Any CPU.ActiveCfg = Release|Any CPU
		{0F3525C0-C1D1-4739-8665-3CC65A389CE2}.Release|Any CPU.Build.0 = Release|Any CPU
		{375DBB31-86E2-4321-A350-318E18967AFC}.Debug|Any CPU.ActiveCfg = Debug|Any CPU
		{375DBB31-86E2-4321-A350-318E18967AFC}.Debug|Any CPU.Build.0 = Debug|Any CPU
		{375DBB31-86E2-4321-A350-318E18967AFC}.Release|Any CPU.ActiveCfg = Release|Any CPU
		{375DBB31-86E2-4321-A350-318E18967AFC}.Release|Any CPU.Build.0 = Release|Any CPU
	EndGlobalSection
	GlobalSection(SolutionProperties) = preSolution
		HideSolutionNode = FALSE
	EndGlobalSection
	GlobalSection(ExtensibilityGlobals) = postSolution
		SolutionGuid = {4AE5D5B5-E95C-43F7-8B6C-A225B730CE06}
	EndGlobalSection
EndGlobal
